
Microsoft Visual Studio Solution File, Format Version 12.00
# Visual Studio Version 17
VisualStudioVersion = 17.13.35828.75
MinimumVisualStudioVersion = 10.0.40219.1
Project("{2150E333-8FDC-42A3-9474-1A3956D46DE8}") = "BankAccountService", "BankAccountService", "{02EA681E-C7D8-13C7-8484-4AC65E1B71E8}"
EndProject
Project("{2150E333-8FDC-42A3-9474-1A3956D46DE8}") = "AccountHolderService", "AccountHolderService", "{5C3F074C-0527-4D3E-809F-FB3ABF53946E}"
EndProject
Project("{2150E333-8FDC-42A3-9474-1A3956D46DE8}") = "AuditService", "AuditService", "{F4A47604-D6A0-4FC5-9B62-D50A6D2189E9}"
EndProject
Project("{2150E333-8FDC-42A3-9474-1A3956D46DE8}") = "GatewayService", "GatewayService", "{F5F9B3B6-A352-4713-AB7A-F42527481EAF}"
EndProject
Project("{2150E333-8FDC-42A3-9474-1A3956D46DE8}") = "AuthenticationService", "AuthenticationService", "{6B3CE505-E168-4198-A262-EE7FB64BA5CC}"
EndProject
Project("{2150E333-8FDC-42A3-9474-1A3956D46DE8}") = "TransactionService", "TransactionService", "{D3F1C0BD-AC71-41AF-ACFD-D4DDA486C0EF}"
EndProject
Project("{2150E333-8FDC-42A3-9474-1A3956D46DE8}") = "Common", "Common", "{19349BE6-31FE-4B7B-82A1-00941E3A5427}"
EndProject
Project("{FAE04EC0-301F-11D3-BF4B-00C04F79EFBC}") = "Messaging.Shared", "Messaging.Shared\Messaging.Shared.csproj", "{DAB2572E-0B45-4C6E-BF57-B1B94511A4F7}"
EndProject
Project("{FAE04EC0-301F-11D3-BF4B-00C04F79EFBC}") = "AccountHolder.Domain", "AccountHolder.Domain\AccountHolder.Domain.csproj", "{FAC493FD-F412-4056-A0E9-EF9617788273}"
EndProject
Project("{FAE04EC0-301F-11D3-BF4B-00C04F79EFBC}") = "AccountHolder.Application", "AccountHolder.Application\AccountHolder.Application.csproj", "{2417C723-B55C-4B2D-B6AE-F9F48483DD2D}"
EndProject
Project("{FAE04EC0-301F-11D3-BF4B-00C04F79EFBC}") = "AccountHolder.Infrastructure", "AccountHolder.Infrastructure\AccountHolder.Infrastructure.csproj", "{343CC349-BD6F-463E-A2B0-52FCDB0DCB38}"
EndProject
Project("{FAE04EC0-301F-11D3-BF4B-00C04F79EFBC}") = "AccountHolder.API", "AccountHolder.API\AccountHolder.API.csproj", "{F7468BEC-4776-4CD0-91AD-E82A35F922B0}"
EndProject
Project("{FAE04EC0-301F-11D3-BF4B-00C04F79EFBC}") = "AuditService.API", "AuditService.API\AuditService.API.csproj", "{D3DF4F29-EDA5-446F-99DA-AD229D5CAFF8}"
EndProject
Project("{FAE04EC0-301F-11D3-BF4B-00C04F79EFBC}") = "AuditService.Domain", "AuditService.Domain\AuditService.Domain.csproj", "{9A89E6FC-78A1-48A4-8EFE-AEC2F0A5DCA2}"
EndProject
Project("{FAE04EC0-301F-11D3-BF4B-00C04F79EFBC}") = "AuditService.Application", "AuditService.Application\AuditService.Application.csproj", "{491568CA-0386-4293-9570-35AE921AF93E}"
EndProject
Project("{FAE04EC0-301F-11D3-BF4B-00C04F79EFBC}") = "AuditService.Infrastructure", "AuditService.Infrastructure\AuditService.Infrastructure.csproj", "{85164D48-43E7-44FE-AED5-15D793DAC1C7}"
EndProject
Global
	GlobalSection(SolutionConfigurationPlatforms) = preSolution
		Debug|Any CPU = Debug|Any CPU
		Release|Any CPU = Release|Any CPU
	EndGlobalSection
	GlobalSection(ProjectConfigurationPlatforms) = postSolution
		{DAB2572E-0B45-4C6E-BF57-B1B94511A4F7}.Debug|Any CPU.ActiveCfg = Debug|Any CPU
		{DAB2572E-0B45-4C6E-BF57-B1B94511A4F7}.Debug|Any CPU.Build.0 = Debug|Any CPU
		{DAB2572E-0B45-4C6E-BF57-B1B94511A4F7}.Release|Any CPU.ActiveCfg = Release|Any CPU
		{DAB2572E-0B45-4C6E-BF57-B1B94511A4F7}.Release|Any CPU.Build.0 = Release|Any CPU
		{FAC493FD-F412-4056-A0E9-EF9617788273}.Debug|Any CPU.ActiveCfg = Debug|Any CPU
		{FAC493FD-F412-4056-A0E9-EF9617788273}.Debug|Any CPU.Build.0 = Debug|Any CPU
		{FAC493FD-F412-4056-A0E9-EF9617788273}.Release|Any CPU.ActiveCfg = Release|Any CPU
		{FAC493FD-F412-4056-A0E9-EF9617788273}.Release|Any CPU.Build.0 = Release|Any CPU
		{2417C723-B55C-4B2D-B6AE-F9F48483DD2D}.Debug|Any CPU.ActiveCfg = Debug|Any CPU
		{2417C723-B55C-4B2D-B6AE-F9F48483DD2D}.Debug|Any CPU.Build.0 = Debug|Any CPU
		{2417C723-B55C-4B2D-B6AE-F9F48483DD2D}.Release|Any CPU.ActiveCfg = Release|Any CPU
		{2417C723-B55C-4B2D-B6AE-F9F48483DD2D}.Release|Any CPU.Build.0 = Release|Any CPU
		{343CC349-BD6F-463E-A2B0-52FCDB0DCB38}.Debug|Any CPU.ActiveCfg = Debug|Any CPU
		{343CC349-BD6F-463E-A2B0-52FCDB0DCB38}.Debug|Any CPU.Build.0 = Debug|Any CPU
		{343CC349-BD6F-463E-A2B0-52FCDB0DCB38}.Release|Any CPU.ActiveCfg = Release|Any CPU
		{343CC349-BD6F-463E-A2B0-52FCDB0DCB38}.Release|Any CPU.Build.0 = Release|Any CPU
		{F7468BEC-4776-4CD0-91AD-E82A35F922B0}.Debug|Any CPU.ActiveCfg = Debug|Any CPU
		{F7468BEC-4776-4CD0-91AD-E82A35F922B0}.Debug|Any CPU.Build.0 = Debug|Any CPU
		{F7468BEC-4776-4CD0-91AD-E82A35F922B0}.Release|Any CPU.ActiveCfg = Release|Any CPU
		{F7468BEC-4776-4CD0-91AD-E82A35F922B0}.Release|Any CPU.Build.0 = Release|Any CPU
		{D3DF4F29-EDA5-446F-99DA-AD229D5CAFF8}.Debug|Any CPU.ActiveCfg = Debug|Any CPU
		{D3DF4F29-EDA5-446F-99DA-AD229D5CAFF8}.Debug|Any CPU.Build.0 = Debug|Any CPU
		{D3DF4F29-EDA5-446F-99DA-AD229D5CAFF8}.Release|Any CPU.ActiveCfg = Release|Any CPU
		{D3DF4F29-EDA5-446F-99DA-AD229D5CAFF8}.Release|Any CPU.Build.0 = Release|Any CPU
		{9A89E6FC-78A1-48A4-8EFE-AEC2F0A5DCA2}.Debug|Any CPU.ActiveCfg = Debug|Any CPU
		{9A89E6FC-78A1-48A4-8EFE-AEC2F0A5DCA2}.Debug|Any CPU.Build.0 = Debug|Any CPU
		{9A89E6FC-78A1-48A4-8EFE-AEC2F0A5DCA2}.Release|Any CPU.ActiveCfg = Release|Any CPU
		{9A89E6FC-78A1-48A4-8EFE-AEC2F0A5DCA2}.Release|Any CPU.Build.0 = Release|Any CPU
		{491568CA-0386-4293-9570-35AE921AF93E}.Debug|Any CPU.ActiveCfg = Debug|Any CPU
		{491568CA-0386-4293-9570-35AE921AF93E}.Debug|Any CPU.Build.0 = Debug|Any CPU
		{491568CA-0386-4293-9570-35AE921AF93E}.Release|Any CPU.ActiveCfg = Release|Any CPU
		{491568CA-0386-4293-9570-35AE921AF93E}.Release|Any CPU.Build.0 = Release|Any CPU
		{85164D48-43E7-44FE-AED5-15D793DAC1C7}.Debug|Any CPU.ActiveCfg = Debug|Any CPU
		{85164D48-43E7-44FE-AED5-15D793DAC1C7}.Debug|Any CPU.Build.0 = Debug|Any CPU
		{85164D48-43E7-44FE-AED5-15D793DAC1C7}.Release|Any CPU.ActiveCfg = Release|Any CPU
		{85164D48-43E7-44FE-AED5-15D793DAC1C7}.Release|Any CPU.Build.0 = Release|Any CPU
	EndGlobalSection
	GlobalSection(SolutionProperties) = preSolution
		HideSolutionNode = FALSE
	EndGlobalSection
	GlobalSection(NestedProjects) = preSolution
		{DAB2572E-0B45-4C6E-BF57-B1B94511A4F7} = {19349BE6-31FE-4B7B-82A1-00941E3A5427}
		{FAC493FD-F412-4056-A0E9-EF9617788273} = {5C3F074C-0527-4D3E-809F-FB3ABF53946E}
		{2417C723-B55C-4B2D-B6AE-F9F48483DD2D} = {5C3F074C-0527-4D3E-809F-FB3ABF53946E}
		{343CC349-BD6F-463E-A2B0-52FCDB0DCB38} = {5C3F074C-0527-4D3E-809F-FB3ABF53946E}
		{F7468BEC-4776-4CD0-91AD-E82A35F922B0} = {5C3F074C-0527-4D3E-809F-FB3ABF53946E}
		{D3DF4F29-EDA5-446F-99DA-AD229D5CAFF8} = {F4A47604-D6A0-4FC5-9B62-D50A6D2189E9}
		{9A89E6FC-78A1-48A4-8EFE-AEC2F0A5DCA2} = {F4A47604-D6A0-4FC5-9B62-D50A6D2189E9}
		{491568CA-0386-4293-9570-35AE921AF93E} = {F4A47604-D6A0-4FC5-9B62-D50A6D2189E9}
		{85164D48-43E7-44FE-AED5-15D793DAC1C7} = {F4A47604-D6A0-4FC5-9B62-D50A6D2189E9}
	EndGlobalSection
	GlobalSection(ExtensibilityGlobals) = postSolution
		SolutionGuid = {2BB100D2-C70B-4322-BADB-0E6969175007}
	EndGlobalSection
EndGlobal
